
Microsoft Visual Studio Solution File, Format Version 12.00
# Visual Studio Version 16
VisualStudioVersion = 16.0.31025.194
MinimumVisualStudioVersion = 10.0.40219.1
Project("{FAE04EC0-301F-11D3-BF4B-00C04F79EFBC}") = "DemonstrationApp", "DemonstrationApp\DemonstrationApp.csproj", "{44603AD2-FEE9-4627-8146-14B2DFFAC961}"
EndProject
Project("{FAE04EC0-301F-11D3-BF4B-00C04F79EFBC}") = "DemonstrationApp.Tests", "DemonstrationApp.Tests\DemonstrationApp.Tests.csproj", "{CD0D4FAC-34FF-4702-B367-2CDE4E791660}"
EndProject
Global
	GlobalSection(SolutionConfigurationPlatforms) = preSolution
		Debug|Any CPU = Debug|Any CPU
		Release|Any CPU = Release|Any CPU
	EndGlobalSection
	GlobalSection(ProjectConfigurationPlatforms) = postSolution
		{44603AD2-FEE9-4627-8146-14B2DFFAC961}.Debug|Any CPU.ActiveCfg = Debug|Any CPU
		{44603AD2-FEE9-4627-8146-14B2DFFAC961}.Debug|Any CPU.Build.0 = Debug|Any CPU
		{44603AD2-FEE9-4627-8146-14B2DFFAC961}.Release|Any CPU.ActiveCfg = Release|Any CPU
		{44603AD2-FEE9-4627-8146-14B2DFFAC961}.Release|Any CPU.Build.0 = Release|Any CPU
		{CD0D4FAC-34FF-4702-B367-2CDE4E791660}.Debug|Any CPU.ActiveCfg = Debug|Any CPU
		{CD0D4FAC-34FF-4702-B367-2CDE4E791660}.Debug|Any CPU.Build.0 = Debug|Any CPU
		{CD0D4FAC-34FF-4702-B367-2CDE4E791660}.Release|Any CPU.ActiveCfg = Release|Any CPU
		{CD0D4FAC-34FF-4702-B367-2CDE4E791660}.Release|Any CPU.Build.0 = Release|Any CPU
	EndGlobalSection
	GlobalSection(SolutionProperties) = preSolution
		HideSolutionNode = FALSE
	EndGlobalSection
	GlobalSection(ExtensibilityGlobals) = postSolution
		SolutionGuid = {44434693-9702-4D45-899B-60AFA2A2B083}
	EndGlobalSection
EndGlobal
